
Microsoft Visual Studio Solution File, Format Version 10.00
# Visual Basic Express 2008
Project("{F184B08F-C81C-45F6-A57F-5ABD9991F28F}") = "Proj0409", "Proj0409\Proj0409.vbproj", "{3E8D4866-F2AC-4D9D-A8E8-546EF3134551}"
EndProject
Global
	GlobalSection(SolutionConfigurationPlatforms) = preSolution
		Debug|Any CPU = Debug|Any CPU
		Release|Any CPU = Release|Any CPU
	EndGlobalSection
	GlobalSection(ProjectConfigurationPlatforms) = postSolution
		{3E8D4866-F2AC-4D9D-A8E8-546EF3134551}.Debug|Any CPU.ActiveCfg = Debug|Any CPU
		{3E8D4866-F2AC-4D9D-A8E8-546EF3134551}.Debug|Any CPU.Build.0 = Debug|Any CPU
		{3E8D4866-F2AC-4D9D-A8E8-546EF3134551}.Release|Any CPU.ActiveCfg = Release|Any CPU
		{3E8D4866-F2AC-4D9D-A8E8-546EF3134551}.Release|Any CPU.Build.0 = Release|Any CPU
	EndGlobalSection
	GlobalSection(SolutionProperties) = preSolution
		HideSolutionNode = FALSE
	EndGlobalSection
EndGlobal
